
Microsoft Visual Studio Solution File, Format Version 12.00
# Visual Studio Version 18
VisualStudioVersion = 18.5.11709.299 stable
MinimumVisualStudioVersion = 10.0.40219.1
Project("{FAE04EC0-301F-11D3-BF4B-00C04F79EFBC}") = "GrowthNoteV3", "GrowthNoteV3.csproj", "{FE1AA8AD-24EB-741F-39FA-D8BEFCBB273C}"
EndProject
Global
	GlobalSection(SolutionConfigurationPlatforms) = preSolution
		Debug|Any CPU = Debug|Any CPU
		Release|Any CPU = Release|Any CPU
	EndGlobalSection
	GlobalSection(ProjectConfigurationPlatforms) = postSolution
		{FE1AA8AD-24EB-741F-39FA-D8BEFCBB273C}.Debug|Any CPU.ActiveCfg = Debug|Any CPU
		{FE1AA8AD-24EB-741F-39FA-D8BEFCBB273C}.Debug|Any CPU.Build.0 = Debug|Any CPU
		{FE1AA8AD-24EB-741F-39FA-D8BEFCBB273C}.Release|Any CPU.ActiveCfg = Release|Any CPU
		{FE1AA8AD-24EB-741F-39FA-D8BEFCBB273C}.Release|Any CPU.Build.0 = Release|Any CPU
	EndGlobalSection
	GlobalSection(SolutionProperties) = preSolution
		HideSolutionNode = FALSE
	EndGlobalSection
	GlobalSection(ExtensibilityGlobals) = postSolution
		SolutionGuid = {345EE791-67D8-44D7-ACF8-A61EF39A93E3}
	EndGlobalSection
EndGlobal
